
Microsoft Visual Studio Solution File, Format Version 12.00
# Visual Studio Version 17
VisualStudioVersion = 17.13.35806.99 d17.13
MinimumVisualStudioVersion = 10.0.40219.1
Project("{FAE04EC0-301F-11D3-BF4B-00C04F79EFBC}") = "Hello", "Hello\Hello.csproj", "{D0C99525-6890-48C9-869B-B11AEDAF4F3A}"
EndProject
Global
	GlobalSection(SolutionConfigurationPlatforms) = preSolution
		Debug|Any CPU = Debug|Any CPU
		Release|Any CPU = Release|Any CPU
	EndGlobalSection
	GlobalSection(ProjectConfigurationPlatforms) = postSolution
		{D0C99525-6890-48C9-869B-B11AEDAF4F3A}.Debug|Any CPU.ActiveCfg = Debug|Any CPU
		{D0C99525-6890-48C9-869B-B11AEDAF4F3A}.Debug|Any CPU.Build.0 = Debug|Any CPU
		{D0C99525-6890-48C9-869B-B11AEDAF4F3A}.Release|Any CPU.ActiveCfg = Release|Any CPU
		{D0C99525-6890-48C9-869B-B11AEDAF4F3A}.Release|Any CPU.Build.0 = Release|Any CPU
	EndGlobalSection
	GlobalSection(SolutionProperties) = preSolution
		HideSolutionNode = FALSE
	EndGlobalSection
	GlobalSection(ExtensibilityGlobals) = postSolution
		SolutionGuid = {D057CFA5-E34F-4EFA-9625-FCD9DFFA3C22}
	EndGlobalSection
EndGlobal
